{
  "name": "smpp",
  "lockfileVersion": 3,
  "requires": true,
  "packages": {
    "": {
      "dependencies": {
        "smpp": "^0.6.0-rc.4"
      }
    },
    "node_modules/findhit-proxywrap": {
      "version": "0.3.13",
      "resolved": "https://registry.npmjs.org/findhit-proxywrap/-/findhit-proxywrap-0.3.13.tgz",
      "integrity": "sha512-gI1KV7yCuMHtveiWbQUJZheNOukScz+15MTtrH/MK5RJ77JjYeJ1DegUfkBnlPvDx5NhZESl48zE/MwpWZ1LXQ==",
      "license": "BSD",
      "dependencies": {
        "lodash": "^4.17.21"
      },
      "engines": {
        "node": ">= 0.8"
      }
    },
    "node_modules/iconv-lite": {
      "version": "0.7.0",
      "resolved": "https://registry.npmjs.org/iconv-lite/-/iconv-lite-0.7.0.tgz",
      "integrity": "sha512-cf6L2Ds3h57VVmkZe+Pn+5APsT7FpqJtEhhieDCvrE2MK5Qk9MyffgQyuxQTm6BChfeZNtcOLHp9IcWRVcIcBQ==",
      "license": "MIT",
      "dependencies": {
        "safer-buffer": ">= 2.1.2 < 3.0.0"
      },
      "engines": {
        "node": ">=0.10.0"
      },
      "funding": {
        "type": "opencollective",
        "url": "https://opencollective.com/express"
      }
    },
    "node_modules/lodash": {
      "version": "4.17.23",
      "resolved": "https://registry.npmjs.org/lodash/-/lodash-4.17.23.tgz",
      "integrity": "sha512-LgVTMpQtIopCi79SJeDiP0TfWi5CNEc/L/aRdTh3yIvmZXTnheWpKjSZhnvMl8iXbC1tFg9gdHHDMLoV7CnG+w==",
      "license": "MIT"
    },
    "node_modules/safer-buffer": {
      "version": "2.1.2",
      "resolved": "https://registry.npmjs.org/safer-buffer/-/safer-buffer-2.1.2.tgz",
      "integrity": "sha512-YZo3K82SD7Riyi0E1EQPojLz7kpepnSQI9IyPbHHg1XXXevb5dJI7tpyN2ADxGcQbHG7vcyRHk0cbwqcQriUtg==",
      "license": "MIT"
    },
    "node_modules/smpp": {
      "version": "0.6.0-rc.4",
      "resolved": "https://registry.npmjs.org/smpp/-/smpp-0.6.0-rc.4.tgz",
      "integrity": "sha512-WDa0XBRQkkJJPcKRtoC9C0cnzhopFIK9/zFcWBOy3sD4xZr3i/Dt3yX+XRparKzpp9QkqRr2/8EYt8JNGxu85w==",
      "license": "MIT",
      "dependencies": {
        "findhit-proxywrap": "^0.3.12",
        "iconv-lite": "0.x",
        "safer-buffer": ">= 2.1.2 < 3"
      },
      "engines": {
        "node": ">=4"
      }
    }
  }
}
